// !$*UTF8*$!
{
	archiveVersion = 1;
	classes = {
	};
	objectVersion = 46;
	objects = {

/* Begin PBXBuildFile section */
		87C1A84C1F6B59FE00927C25 /* AppDelegate.swift in Sources */ = {isa = PBXBuildFile; fileRef = 87C1A84B1F6B59FE00927C25 /* AppDelegate.swift */; };
		87C1A84E1F6B59FE00927C25 /* ViewController.swift in Sources */ = {isa = PBXBuildFile; fileRef = 87C1A84D1F6B59FE00927C25 /* ViewController.swift */; };
		87C1A8511F6B59FE00927C25 /* Main.storyboard in Resources */ = {isa = PBXBuildFile; fileRef = 87C1A84F1F6B59FE00927C25 /* Main.storyboard */; };
		87C1A8541F6B59FE00927C25 /* ufus.xcdatamodeld in Sources */ = {isa = PBXBuildFile; fileRef = 87C1A8521F6B59FE00927C25 /* ufus.xcdatamodeld */; };
		87C1A8561F6B59FE00927C25 /* Assets.xcassets in Resources */ = {isa = PBXBuildFile; fileRef = 87C1A8551F6B59FE00927C25 /* Assets.xcassets */; };
		87C1A8591F6B59FE00927C25 /* LaunchScreen.storyboard in Resources */ = {isa = PBXBuildFile; fileRef = 87C1A8571F6B59FE00927C25 /* LaunchScreen.storyboard */; };
		87C1A8641F6B59FE00927C25 /* ufusTests.swift in Sources */ = {isa = PBXBuildFile; fileRef = 87C1A8631F6B59FE00927C25 /* ufusTests.swift */; };
/* End PBXBuildFile section */

/* Begin PBXContainerItemProxy section */
		87C1A8601F6B59FE00927C25 /* PBXContainerItemProxy */ = {
			isa = PBXContainerItemProxy;
			containerPortal = 87C1A8401F6B59FE00927C25 /* Project object */;
			proxyType = 1;
			remoteGlobalIDString = 87C1A8471F6B59FE00927C25;
			remoteInfo = ufus;
		};
/* End PBXContainerItemProxy section */

/* Begin PBXFileReference section */
		87C1A8481F6B59FE00927C25 /* ufus.app */ = {isa = PBXFileReference; explicitFileType = wrapper.application; includeInIndex = 0; path = ufus.app; sourceTree = BUILT_PRODUCTS_DIR; };
		87C1A84B1F6B59FE00927C25 /* AppDelegate.swift */ = {isa = PBXFileReference; lastKnownFileType = sourcecode.swift; path = AppDelegate.swift; sourceTree = "<group>"; };
		87C1A84D1F6B59FE00927C25 /* ViewController.swift */ = {isa = PBXFileReference; lastKnownFileType = sourcecode.swift; path = ViewController.swift; sourceTree = "<group>"; };
		87C1A8501F6B59FE00927C25 /* Base */ = {isa = PBXFileReference; lastKnownFileType = file.storyboard; name = Base; path = Base.lproj/Main.storyboard; sourceTree = "<group>"; };
		87C1A8531F6B59FE00927C25 /* ufus.xcdatamodel */ = {isa = PBXFileReference; lastKnownFileType = wrapper.xcdatamodel; path = ufus.xcdatamodel; sourceTree = "<group>"; };
		87C1A8551F6B59FE00927C25 /* Assets.xcassets */ = {isa = PBXFileReference; lastKnownFileType = folder.assetcatalog; path = Assets.xcassets; sourceTree = "<group>"; };
		87C1A8581F6B59FE00927C25 /* Base */ = {isa = PBXFileReference; lastKnownFileType = file.storyboard; name = Base; path = Base.lproj/LaunchScreen.storyboard; sourceTree = "<group>"; };
		87C1A85A1F6B59FE00927C25 /* Info.plist */ = {isa = PBXFileReference; lastKnownFileType = text.plist.xml; path = Info.plist; sourceTree = "<group>"; };
		87C1A85F1F6B59FE00927C25 /* ufusTests.xctest */ = {isa = PBXFileReference; explicitFileType = wrapper.cfbundle; includeInIndex = 0; path = ufusTests.xctest; sourceTree = BUILT_PRODUCTS_DIR; };
		87C1A8631F6B59FE00927C25 /* ufusTests.swift */ = {isa = PBXFileReference; lastKnownFileType = sourcecode.swift; path = ufusTests.swift; sourceTree = "<group>"; };
		87C1A8651F6B59FE00927C25 /* Info.plist */ = {isa = PBXFileReference; lastKnownFileType = text.plist.xml; path = Info.plist; sourceTree = "<group>"; };
/* End PBXFileReference section */

/* Begin PBXFrameworksBuildPhase section */
		87C1A8451F6B59FE00927C25 /* Frameworks */ = {
			isa = PBXFrameworksBuildPhase;
			buildActionMask = 2147483647;
			files = (
			);
			runOnlyForDeploymentPostprocessing = 0;
		};
		87C1A85C1F6B59FE00927C25 /* Frameworks */ = {
			isa = PBXFrameworksBuildPhase;
			buildActionMask = 2147483647;
			files = (
			);
			runOnlyForDeploymentPostprocessing = 0;
		};
/* End PBXFrameworksBuildPhase section */

/* Begin PBXGroup section */
		87C1A83F1F6B59FE00927C25 = {
			isa = PBXGroup;
			children = (
				87C1A84A1F6B59FE00927C25 /* ufus */,
				87C1A8621F6B59FE00927C25 /* ufusTests */,
				87C1A8491F6B59FE00927C25 /* Products */,
			);
			sourceTree = "<group>";
		};
		87C1A8491F6B59FE00927C25 /* Products */ = {
			isa = PBXGroup;
			children = (
				87C1A8481F6B59FE00927C25 /* ufus.app */,
				87C1A85F1F6B59FE00927C25 /* ufusTests.xctest */,
			);
			name = Products;
			sourceTree = "<group>";
		};
		87C1A84A1F6B59FE00927C25 /* ufus */ = {
			isa = PBXGroup;
			children = (
				87C1A84B1F6B59FE00927C25 /* AppDelegate.swift */,
				87C1A84D1F6B59FE00927C25 /* ViewController.swift */,
				87C1A84F1F6B59FE00927C25 /* Main.storyboard */,
				87C1A8551F6B59FE00927C25 /* Assets.xcassets */,
				87C1A8571F6B59FE00927C25 /* LaunchScreen.storyboard */,
				87C1A85A1F6B59FE00927C25 /* Info.plist */,
				87C1A8521F6B59FE00927C25 /* ufus.xcdatamodeld */,
			);
			path = ufus;
			sourceTree = "<group>";
		};
		87C1A8621F6B59FE00927C25 /* ufusTests */ = {
			isa = PBXGroup;
			children = (
				87C1A8631F6B59FE00927C25 /* ufusTests.swift */,
				87C1A8651F6B59FE00927C25 /* Info.plist */,
			);
			path = ufusTests;
			sourceTree = "<group>";
		};
/* End PBXGroup section */

/* Begin PBXNativeTarget section */
		87C1A8471F6B59FE00927C25 /* ufus */ = {
			isa = PBXNativeTarget;
			buildConfigurationList = 87C1A8681F6B59FE00927C25 /* Build configuration list for PBXNativeTarget "ufus" */;
			buildPhases = (
				87C1A8441F6B59FE00927C25 /* Sources */,
				87C1A8451F6B59FE00927C25 /* Frameworks */,
				87C1A8461F6B59FE00927C25 /* Resources */,
			);
			buildRules = (
			);
			dependencies = (
			);
			name = ufus;
			productName = ufus;
			productReference = 87C1A8481F6B59FE00927C25 /* ufus.app */;
			productType = "com.apple.product-type.application";
		};
		87C1A85E1F6B59FE00927C25 /* ufusTests */ = {
			isa = PBXNativeTarget;
			buildConfigurationList = 87C1A86B1F6B59FE00927C25 /* Build configuration list for PBXNativeTarget "ufusTests" */;
			buildPhases = (
				87C1A85B1F6B59FE00927C25 /* Sources */,
				87C1A85C1F6B59FE00927C25 /* Frameworks */,
				87C1A85D1F6B59FE00927C25 /* Resources */,
			);
			buildRules = (
			);
			dependencies = (
				87C1A8611F6B59FE00927C25 /* PBXTargetDependency */,
			);
			name = ufusTests;
			productName = ufusTests;
			productReference = 87C1A85F1F6B59FE00927C25 /* ufusTests.xctest */;
			productType = "com.apple.product-type.bundle.unit-test";
		};
/* End PBXNativeTarget section */

/* Begin PBXProject section */
		87C1A8401F6B59FE00927C25 /* Project object */ = {
			isa = PBXProject;
			attributes = {
				LastSwiftUpdateCheck = 0830;
				LastUpgradeCheck = 0830;
				ORGANIZATIONNAME = "Akinjide Bankole";
				TargetAttributes = {
					87C1A8471F6B59FE00927C25 = {
						CreatedOnToolsVersion = 8.3.3;
						DevelopmentTeam = 6PX7PBJFKL;
						ProvisioningStyle = Automatic;
					};
					87C1A85E1F6B59FE00927C25 = {
						CreatedOnToolsVersion = 8.3.3;
						DevelopmentTeam = 6PX7PBJFKL;
						ProvisioningStyle = Automatic;
						TestTargetID = 87C1A8471F6B59FE00927C25;
					};
				};
			};
			buildConfigurationList = 87C1A8431F6B59FE00927C25 /* Build configuration list for PBXProject "ufus" */;
			compatibilityVersion = "Xcode 3.2";
			developmentRegion = English;
			hasScannedForEncodings = 0;
			knownRegions = (
				en,
				Base,
			);
			mainGroup = 87C1A83F1F6B59FE00927C25;
			productRefGroup = 87C1A8491F6B59FE00927C25 /* Products */;
			projectDirPath = "";
			projectRoot = "";
			targets = (
				87C1A8471F6B59FE00927C25 /* ufus */,
				87C1A85E1F6B59FE00927C25 /* ufusTests */,
			);
		};
/* End PBXProject section */

/* Begin PBXResourcesBuildPhase section */
		87C1A8461F6B59FE00927C25 /* Resources */ = {
			isa = PBXResourcesBuildPhase;
			buildActionMask = 2147483647;
			files = (
				87C1A8591F6B59FE00927C25 /* LaunchScreen.storyboard in Resources */,
				87C1A8561F6B59FE00927C25 /* Assets.xcassets in Resources */,
				87C1A8511F6B59FE00927C25 /* Main.storyboard in Resources */,
			);
			runOnlyForDeploymentPostprocessing = 0;
		};
		87C1A85D1F6B59FE00927C25 /* Resources */ = {
			isa = PBXResourcesBuildPhase;
			buildActionMask = 2147483647;
			files = (
			);
			runOnlyForDeploymentPostprocessing = 0;
		};
/* End PBXResourcesBuildPhase section */

/* Begin PBXSourcesBuildPhase section */
		87C1A8441F6B59FE00927C25 /* Sources */ = {
			isa = PBXSourcesBuildPhase;
			buildActionMask = 2147483647;
			files = (
				87C1A84E1F6B59FE00927C25 /* ViewController.swift in Sources */,
				87C1A84C1F6B59FE00927C25 /* AppDelegate.swift in Sources */,
				87C1A8541F6B59FE00927C25 /* ufus.xcdatamodeld in Sources */,
			);
			runOnlyForDeploymentPostprocessing = 0;
		};
		87C1A85B1F6B59FE00927C25 /* Sources */ = {
			isa = PBXSourcesBuildPhase;
			buildActionMask = 2147483647;
			files = (
				87C1A8641F6B59FE00927C25 /* ufusTests.swift in Sources */,
			);
			runOnlyForDeploymentPostprocessing = 0;
		};
/* End PBXSourcesBuildPhase section */

/* Begin PBXTargetDependency section */
		87C1A8611F6B59FE00927C25 /* PBXTargetDependency */ = {
			isa = PBXTargetDependency;
			target = 87C1A8471F6B59FE00927C25 /* ufus */;
			targetProxy = 87C1A8601F6B59FE00927C25 /* PBXContainerItemProxy */;
		};
/* End PBXTargetDependency section */

/* Begin PBXVariantGroup section */
		87C1A84F1F6B59FE00927C25 /* Main.storyboard */ = {
			isa = PBXVariantGroup;
			children = (
				87C1A8501F6B59FE00927C25 /* Base */,
			);
			name = Main.storyboard;
			sourceTree = "<group>";
		};
		87C1A8571F6B59FE00927C25 /* LaunchScreen.storyboard */ = {
			isa = PBXVariantGroup;
			children = (
				87C1A8581F6B59FE00927C25 /* Base */,
			);
			name = LaunchScreen.storyboard;
			sourceTree = "<group>";
		};
/* End PBXVariantGroup section */

/* Begin XCBuildConfiguration section */
		87C1A8661F6B59FE00927C25 /* Debug */ = {
			isa = XCBuildConfiguration;
			buildSettings = {
				ALWAYS_SEARCH_USER_PATHS = NO;
				CLANG_ANALYZER_NONNULL = YES;
				CLANG_ANALYZER_NUMBER_OBJECT_CONVERSION = YES_AGGRESSIVE;
				CLANG_CXX_LANGUAGE_STANDARD = "gnu++0x";
				CLANG_CXX_LIBRARY = "libc++";
				CLANG_ENABLE_MODULES = YES;
				CLANG_ENABLE_OBJC_ARC = YES;
				CLANG_WARN_BOOL_CONVERSION = YES;
				CLANG_WARN_CONSTANT_CONVERSION = YES;
				CLANG_WARN_DIRECT_OBJC_ISA_USAGE = YES_ERROR;
				CLANG_WARN_DOCUMENTATION_COMMENTS = YES;
				CLANG_WARN_EMPTY_BODY = YES;
				CLANG_WARN_ENUM_CONVERSION = YES;
				CLANG_WARN_INFINITE_RECURSION = YES;
				CLANG_WARN_INT_CONVERSION = YES;
				CLANG_WARN_OBJC_ROOT_CLASS = YES_ERROR;
				CLANG_WARN_SUSPICIOUS_MOVE = YES;
				CLANG_WARN_UNREACHABLE_CODE = YES;
				CLANG_WARN__DUPLICATE_METHOD_MATCH = YES;
				"CODE_SIGN_IDENTITY[sdk=iphoneos*]" = "iPhone Developer";
				COPY_PHASE_STRIP = NO;
				DEBUG_INFORMATION_FORMAT = dwarf;
				ENABLE_STRICT_OBJC_MSGSEND = YES;
				ENABLE_TESTABILITY = YES;
				GCC_C_LANGUAGE_STANDARD = gnu99;
				GCC_DYNAMIC_NO_PIC = NO;
				GCC_NO_COMMON_BLOCKS = YES;
				GCC_OPTIMIZATION_LEVEL = 0;
				GCC_PREPROCESSOR_DEFINITIONS = (
					"DEBUG=1",
					"$(inherited)",
				);
				GCC_WARN_64_TO_32_BIT_CONVERSION = YES;
				GCC_WARN_ABOUT_RETURN_TYPE = YES_ERROR;
				GCC_WARN_UNDECLARED_SELECTOR = YES;
				GCC_WARN_UNINITIALIZED_AUTOS = YES_AGGRESSIVE;
				GCC_WARN_UNUSED_FUNCTION = YES;
				GCC_WARN_UNUSED_VARIABLE = YES;
				IPHONEOS_DEPLOYMENT_TARGET = 10.3;
				MTL_ENABLE_DEBUG_INFO = YES;
				ONLY_ACTIVE_ARCH = YES;
				SDKROOT = iphoneos;
				SWIFT_ACTIVE_COMPILATION_CONDITIONS = DEBUG;
				SWIFT_OPTIMIZATION_LEVEL = "-Onone";
			};
			name = Debug;
		};
		87C1A8671F6B59FE00927C25 /* Release */ = {
			isa = XCBuildConfiguration;
			buildSettings = {
				ALWAYS_SEARCH_USER_PATHS = NO;
				CLANG_ANALYZER_NONNULL = YES;
				CLANG_ANALYZER_NUMBER_OBJECT_CONVERSION = YES_AGGRESSIVE;
				CLANG_CXX_LANGUAGE_STANDARD = "gnu++0x";
				CLANG_CXX_LIBRARY = "libc++";
				CLANG_ENABLE_MODULES = YES;
				CLANG_ENABLE_OBJC_ARC = YES;
				CLANG_WARN_BOOL_CONVERSION = YES;
				CLANG_WARN_CONSTANT_CONVERSION = YES;
				CLANG_WARN_DIRECT_OBJC_ISA_USAGE = YES_ERROR;
				CLANG_WARN_DOCUMENTATION_COMMENTS = YES;
				CLANG_WARN_EMPTY_BODY = YES;
				CLANG_WARN_ENUM_CONVERSION = YES;
				CLANG_WARN_INFINITE_RECURSION = YES;
				CLANG_WARN_INT_CONVERSION = YES;
				CLANG_WARN_OBJC_ROOT_CLASS = YES_ERROR;
				CLANG_WARN_SUSPICIOUS_MOVE = YES;
				CLANG_WARN_UNREACHABLE_CODE = YES;
				CLANG_WARN__DUPLICATE_METHOD_MATCH = YES;
				"CODE_SIGN_IDENTITY[sdk=iphoneos*]" = "iPhone Developer";
				COPY_PHASE_STRIP = NO;
				DEBUG_INFORMATION_FORMAT = "dwarf-with-dsym";
				ENABLE_NS_ASSERTIONS = NO;
				ENABLE_STRICT_OBJC_MSGSEND = YES;
				GCC_C_LANGUAGE_STANDARD = gnu99;
				GCC_NO_COMMON_BLOCKS = YES;
				GCC_WARN_64_TO_32_BIT_CONVERSION = YES;
				GCC_WARN_ABOUT_RETURN_TYPE = YES_ERROR;
				GCC_WARN_UNDECLARED_SELECTOR = YES;
				GCC_WARN_UNINITIALIZED_AUTOS = YES_AGGRESSIVE;
				GCC_WARN_UNUSED_FUNCTION = YES;
				GCC_WARN_UNUSED_VARIABLE = YES;
				IPHONEOS_DEPLOYMENT_TARGET = 10.3;
				MTL_ENABLE_DEBUG_INFO = NO;
				SDKROOT = iphoneos;
				SWIFT_OPTIMIZATION_LEVEL = "-Owholemodule";
				VALIDATE_PRODUCT = YES;
			};
			name = Release;
		};
		87C1A8691F6B59FE00927C25 /* Debug */ = {
			isa = XCBuildConfiguration;
			buildSettings = {
				ASSETCATALOG_COMPILER_APPICON_NAME = AppIcon;
				DEVELOPMENT_TEAM = 6PX7PBJFKL;
				INFOPLIST_FILE = ufus/Info.plist;
				IPHONEOS_DEPLOYMENT_TARGET = 10.2;
				LD_RUNPATH_SEARCH_PATHS = "$(inherited) @executable_path/Frameworks";
				PRODUCT_BUNDLE_IDENTIFIER = me.akinjide.ufus;
				PRODUCT_NAME = "$(TARGET_NAME)";
				SWIFT_VERSION = 3.0;
			};
			name = Debug;
		};
		87C1A86A1F6B59FE00927C25 /* Release */ = {
			isa = XCBuildConfiguration;
			buildSettings = {
				ASSETCATALOG_COMPILER_APPICON_NAME = AppIcon;
				DEVELOPMENT_TEAM = 6PX7PBJFKL;
				INFOPLIST_FILE = ufus/Info.plist;
				IPHONEOS_DEPLOYMENT_TARGET = 10.2;
				LD_RUNPATH_SEARCH_PATHS = "$(inherited) @executable_path/Frameworks";
				PRODUCT_BUNDLE_IDENTIFIER = me.akinjide.ufus;
				PRODUCT_NAME = "$(TARGET_NAME)";
				SWIFT_VERSION = 3.0;
			};
			name = Release;
		};
		87C1A86C1F6B59FE00927C25 /* Debug */ = {
			isa = XCBuildConfiguration;
			buildSettings = {
				ALWAYS_EMBED_SWIFT_STANDARD_LIBRARIES = YES;
				BUNDLE_LOADER = "$(TEST_HOST)";
				DEVELOPMENT_TEAM = 6PX7PBJFKL;
				INFOPLIST_FILE = ufusTests/Info.plist;
				LD_RUNPATH_SEARCH_PATHS = "$(inherited) @executable_path/Frameworks @loader_path/Frameworks";
				PRODUCT_BUNDLE_IDENTIFIER = me.akinjide.ufusTests;
				PRODUCT_NAME = "$(TARGET_NAME)";
				SWIFT_VERSION = 3.0;
				TEST_HOST = "$(BUILT_PRODUCTS_DIR)/ufus.app/ufus";
			};
			name = Debug;
		};
		87C1A86D1F6B59FE00927C25 /* Release */ = {
			isa = XCBuildConfiguration;
			buildSettings = {
				ALWAYS_EMBED_SWIFT_STANDARD_LIBRARIES = YES;
				BUNDLE_LOADER = "$(TEST_HOST)";
				DEVELOPMENT_TEAM = 6PX7PBJFKL;
				INFOPLIST_FILE = ufusTests/Info.plist;
				LD_RUNPATH_SEARCH_PATHS = "$(inherited) @executable_path/Frameworks @loader_path/Frameworks";
				PRODUCT_BUNDLE_IDENTIFIER = me.akinjide.ufusTests;
				PRODUCT_NAME = "$(TARGET_NAME)";
				SWIFT_VERSION = 3.0;
				TEST_HOST = "$(BUILT_PRODUCTS_DIR)/ufus.app/ufus";
			};
			name = Release;
		};
/* End XCBuildConfiguration section */

/* Begin XCConfigurationList section */
		87C1A8431F6B59FE00927C25 /* Build configuration list for PBXProject "ufus" */ = {
			isa = XCConfigurationList;
			buildConfigurations = (
				87C1A8661F6B59FE00927C25 /* Debug */,
				87C1A8671F6B59FE00927C25 /* Release */,
			);
			defaultConfigurationIsVisible = 0;
			defaultConfigurationName = Release;
		};
		87C1A8681F6B59FE00927C25 /* Build configuration list for PBXNativeTarget "ufus" */ = {
			isa = XCConfigurationList;
			buildConfigurations = (
				87C1A8691F6B59FE00927C25 /* Debug */,
				87C1A86A1F6B59FE00927C25 /* Release */,
			);
			defaultConfigurationIsVisible = 0;
			defaultConfigurationName = Release;
		};
		87C1A86B1F6B59FE00927C25 /* Build configuration list for PBXNativeTarget "ufusTests" */ = {
			isa = XCConfigurationList;
			buildConfigurations = (
				87C1A86C1F6B59FE00927C25 /* Debug */,
				87C1A86D1F6B59FE00927C25 /* Release */,
			);
			defaultConfigurationIsVisible = 0;
			defaultConfigurationName = Release;
		};
/* End XCConfigurationList section */

/* Begin XCVersionGroup section */
		87C1A8521F6B59FE00927C25 /* ufus.xcdatamodeld */ = {
			isa = XCVersionGroup;
			children = (
				87C1A8531F6B59FE00927C25 /* ufus.xcdatamodel */,
			);
			currentVersion = 87C1A8531F6B59FE00927C25 /* ufus.xcdatamodel */;
			path = ufus.xcdatamodeld;
			sourceTree = "<group>";
			versionGroupType = wrapper.xcdatamodel;
		};
/* End XCVersionGroup section */
	};
	rootObject = 87C1A8401F6B59FE00927C25 /* Project object */;
}
